{
  "name": "sharepointplus",
  "version": "4.1.0",
  "lockfileVersion": 1,
  "dependencies": {
    "acorn": {
      "version": "3.3.0",
      "resolved": "https://registry.npmjs.org/acorn/-/acorn-3.3.0.tgz",
      "integrity": "sha1-ReN/s56No/JbruP/U2niu18iAXo="
    },
    "acorn-jsx": {
      "version": "3.0.1",
      "resolved": "https://registry.npmjs.org/acorn-jsx/-/acorn-jsx-3.0.1.tgz",
      "integrity": "sha1-r9+UiPsezvyDSPb7IvRk4ypYs2s="
    },
    "bluebird": {
      "version": "3.4.7",
      "resolved": "https://registry.npmjs.org/bluebird/-/bluebird-3.4.7.tgz",
      "integrity": "sha1-9y12C+Cbf3bQjtj66Ysomo0F+rM="
    },
    "catharsis": {
      "version": "0.8.8",
      "resolved": "https://registry.npmjs.org/catharsis/-/catharsis-0.8.8.tgz",
      "integrity": "sha1-aTR59DqsVJ2Aa9c+kkzQ2USVGgY="
    },
    "escape-string-regexp": {
      "version": "1.0.5",
      "resolved": "https://registry.npmjs.org/escape-string-regexp/-/escape-string-regexp-1.0.5.tgz",
      "integrity": "sha1-G2HAViGQqN/2rjuyzwIAyhMLhtQ="
    },
    "espree": {
      "version": "3.1.7",
      "resolved": "https://registry.npmjs.org/espree/-/espree-3.1.7.tgz",
      "integrity": "sha1-/V3ux2qXpRIKnNOnyxF3oJI7EdI="
    },
    "graceful-fs": {
      "version": "4.1.11",
      "resolved": "https://registry.npmjs.org/graceful-fs/-/graceful-fs-4.1.11.tgz",
      "integrity": "sha1-Dovf5NHduIVNZOBOp8AOKgJuVlg=",
      "optional": true
    },
    "js2xmlparser": {
      "version": "1.0.0",
      "resolved": "https://registry.npmjs.org/js2xmlparser/-/js2xmlparser-1.0.0.tgz",
      "integrity": "sha1-WhcPLo1kds5FQF4EgjJCUTeC/jA="
    },
    "jsdoc": {
      "version": "3.4.3",
      "resolved": "https://registry.npmjs.org/jsdoc/-/jsdoc-3.4.3.tgz",
      "integrity": "sha1-5XQNYUXGgfZnnmwXeDqI292XzNM="
    },
    "klaw": {
      "version": "1.3.1",
      "resolved": "https://registry.npmjs.org/klaw/-/klaw-1.3.1.tgz",
      "integrity": "sha1-QIhDO0azsbolnXh4XY6W9zugJDk="
    },
    "marked": {
      "version": "0.3.6",
      "resolved": "https://registry.npmjs.org/marked/-/marked-0.3.6.tgz",
      "integrity": "sha1-ssbGGPzOzk74bE/Gy4p8v1rtqNc="
    },
    "minimist": {
      "version": "0.0.8",
      "resolved": "https://registry.npmjs.org/minimist/-/minimist-0.0.8.tgz",
      "integrity": "sha1-hX/Kv8M5fSYluCKCYuhqp6ARsF0="
    },
    "mkdirp": {
      "version": "0.5.1",
      "resolved": "https://registry.npmjs.org/mkdirp/-/mkdirp-0.5.1.tgz",
      "integrity": "sha1-MAV0OOrGz3+MR2fzhkjWaX11yQM="
    },
    "requizzle": {
      "version": "0.2.1",
      "resolved": "https://registry.npmjs.org/requizzle/-/requizzle-0.2.1.tgz",
      "integrity": "sha1-aUPDUwxNmn5G8c3dUcFY/GcM294=",
      "dependencies": {
        "underscore": {
          "version": "1.6.0",
          "resolved": "https://registry.npmjs.org/underscore/-/underscore-1.6.0.tgz",
          "integrity": "sha1-izixDKze9jM3uLJOT/htRa6lKag="
        }
      }
    },
    "strip-json-comments": {
      "version": "2.0.1",
      "resolved": "https://registry.npmjs.org/strip-json-comments/-/strip-json-comments-2.0.1.tgz",
      "integrity": "sha1-PFMZQukIwml8DsNEhYwobHygpgo="
    },
    "taffydb": {
      "version": "2.6.2",
      "resolved": "https://registry.npmjs.org/taffydb/-/taffydb-2.6.2.tgz",
      "integrity": "sha1-fLy2S1oUG2ou/CxdLGe04VCyomg="
    },
    "underscore": {
      "version": "1.8.3",
      "resolved": "https://registry.npmjs.org/underscore/-/underscore-1.8.3.tgz",
      "integrity": "sha1-Tz+1OxBuYJf8+ctBCfKl6b36UCI="
    },
    "underscore-contrib": {
      "version": "0.3.0",
      "resolved": "https://registry.npmjs.org/underscore-contrib/-/underscore-contrib-0.3.0.tgz",
      "integrity": "sha1-ZltmwkeD+PorGMn4y7Dix9SMJsc=",
      "dependencies": {
        "underscore": {
          "version": "1.6.0",
          "resolved": "https://registry.npmjs.org/underscore/-/underscore-1.6.0.tgz",
          "integrity": "sha1-izixDKze9jM3uLJOT/htRa6lKag="
        }
      }
    }
  }
}
